
Microsoft Visual Studio Solution File, Format Version 12.00
# Visual Studio Version 17
VisualStudioVersion = 17.5.33516.290
MinimumVisualStudioVersion = 10.0.40219.1
Project("{9A19103F-16F7-4668-BE54-9A1E7A4F7556}") = "FirstBlazorApp", "BlazorApp\FirstBlazorApp.csproj", "{D8B4A5FD-13DD-4A2B-BC27-588C7E8DBE78}"
EndProject
Project("{9A19103F-16F7-4668-BE54-9A1E7A4F7556}") = "FirstBlazorApp.Api", "FirstBlazorApp.Api\FirstBlazorApp.Api.csproj", "{6DAFCF6D-3BF6-4466-B6B9-2751C18A37D7}"
EndProject
Global
	GlobalSection(SolutionConfigurationPlatforms) = preSolution
		Debug|Any CPU = Debug|Any CPU
		Release|Any CPU = Release|Any CPU
	EndGlobalSection
	GlobalSection(ProjectConfigurationPlatforms) = postSolution
		{D8B4A5FD-13DD-4A2B-BC27-588C7E8DBE78}.Debug|Any CPU.ActiveCfg = Debug|Any CPU
		{D8B4A5FD-13DD-4A2B-BC27-588C7E8DBE78}.Debug|Any CPU.Build.0 = Debug|Any CPU
		{D8B4A5FD-13DD-4A2B-BC27-588C7E8DBE78}.Release|Any CPU.ActiveCfg = Release|Any CPU
		{D8B4A5FD-13DD-4A2B-BC27-588C7E8DBE78}.Release|Any CPU.Build.0 = Release|Any CPU
		{6DAFCF6D-3BF6-4466-B6B9-2751C18A37D7}.Debug|Any CPU.ActiveCfg = Debug|Any CPU
		{6DAFCF6D-3BF6-4466-B6B9-2751C18A37D7}.Debug|Any CPU.Build.0 = Debug|Any CPU
		{6DAFCF6D-3BF6-4466-B6B9-2751C18A37D7}.Release|Any CPU.ActiveCfg = Release|Any CPU
		{6DAFCF6D-3BF6-4466-B6B9-2751C18A37D7}.Release|Any CPU.Build.0 = Release|Any CPU
	EndGlobalSection
	GlobalSection(SolutionProperties) = preSolution
		HideSolutionNode = FALSE
	EndGlobalSection
	GlobalSection(ExtensibilityGlobals) = postSolution
		SolutionGuid = {A3D55EA7-91FD-4997-8A9B-AF1C26C1FAA8}
	EndGlobalSection
EndGlobal
